
Microsoft Visual Studio Solution File, Format Version 12.00
# Visual Studio 2012
Project("{159641D6-6404-4A2A-AE62-294DE0FE8301}") = "Integration_Practica", "Integration_Practica\Integration_Practica.dtproj", "{4301397D-1778-4AD7-81FE-38969C1481D5}"
EndProject
Global
	GlobalSection(SolutionConfigurationPlatforms) = preSolution
		Development|Default = Development|Default
	EndGlobalSection
	GlobalSection(ProjectConfigurationPlatforms) = postSolution
		{4301397D-1778-4AD7-81FE-38969C1481D5}.Development|Default.ActiveCfg = Development
		{4301397D-1778-4AD7-81FE-38969C1481D5}.Development|Default.Build.0 = Development
	EndGlobalSection
	GlobalSection(SolutionProperties) = preSolution
		HideSolutionNode = FALSE
	EndGlobalSection
EndGlobal
